// !$*UTF8*$!
{
	archiveVersion = 1;
	classes = {
	};
	objectVersion = 46;
	objects = {

/* Begin PBXBuildFile section */
		EE1788F01C38E65500E42F74 /* AppDelegate.swift in Sources */ = {isa = PBXBuildFile; fileRef = EE1788EF1C38E65500E42F74 /* AppDelegate.swift */; };
		EE1788F21C38E65500E42F74 /* ViewController.swift in Sources */ = {isa = PBXBuildFile; fileRef = EE1788F11C38E65500E42F74 /* ViewController.swift */; };
		EE1788F51C38E65500E42F74 /* Main.storyboard in Resources */ = {isa = PBXBuildFile; fileRef = EE1788F31C38E65500E42F74 /* Main.storyboard */; };
		EE1788F71C38E65500E42F74 /* Assets.xcassets in Resources */ = {isa = PBXBuildFile; fileRef = EE1788F61C38E65500E42F74 /* Assets.xcassets */; };
		EE1788FA1C38E65500E42F74 /* LaunchScreen.storyboard in Resources */ = {isa = PBXBuildFile; fileRef = EE1788F81C38E65500E42F74 /* LaunchScreen.storyboard */; };
		EE1789031C38E67000E42F74 /* dstos.swift in Sources */ = {isa = PBXBuildFile; fileRef = EE1789021C38E67000E42F74 /* dstos.swift */; };
/* End PBXBuildFile section */

/* Begin PBXFileReference section */
		EE1788EC1C38E65500E42F74 /* Hamburguesas.app */ = {isa = PBXFileReference; explicitFileType = wrapper.application; includeInIndex = 0; path = Hamburguesas.app; sourceTree = BUILT_PRODUCTS_DIR; };
		EE1788EF1C38E65500E42F74 /* AppDelegate.swift */ = {isa = PBXFileReference; lastKnownFileType = sourcecode.swift; path = AppDelegate.swift; sourceTree = "<group>"; };
		EE1788F11C38E65500E42F74 /* ViewController.swift */ = {isa = PBXFileReference; lastKnownFileType = sourcecode.swift; path = ViewController.swift; sourceTree = "<group>"; };
		EE1788F41C38E65500E42F74 /* Base */ = {isa = PBXFileReference; lastKnownFileType = file.storyboard; name = Base; path = Base.lproj/Main.storyboard; sourceTree = "<group>"; };
		EE1788F61C38E65500E42F74 /* Assets.xcassets */ = {isa = PBXFileReference; lastKnownFileType = folder.assetcatalog; path = Assets.xcassets; sourceTree = "<group>"; };
		EE1788F91C38E65500E42F74 /* Base */ = {isa = PBXFileReference; lastKnownFileType = file.storyboard; name = Base; path = Base.lproj/LaunchScreen.storyboard; sourceTree = "<group>"; };
		EE1788FB1C38E65500E42F74 /* Info.plist */ = {isa = PBXFileReference; lastKnownFileType = text.plist.xml; path = Info.plist; sourceTree = "<group>"; };
		EE1789011C38E66400E42F74 /* MyPlayground.playground */ = {isa = PBXFileReference; lastKnownFileType = file.playground; name = MyPlayground.playground; path = ../MyPlayground.playground; sourceTree = "<group>"; };
		EE1789021C38E67000E42F74 /* dstos.swift */ = {isa = PBXFileReference; fileEncoding = 4; lastKnownFileType = sourcecode.swift; name = dstos.swift; path = ../dstos.swift; sourceTree = "<group>"; };
/* End PBXFileReference section */

/* Begin PBXFrameworksBuildPhase section */
		EE1788E91C38E65500E42F74 /* Frameworks */ = {
			isa = PBXFrameworksBuildPhase;
			buildActionMask = 2147483647;
			files = (
			);
			runOnlyForDeploymentPostprocessing = 0;
		};
/* End PBXFrameworksBuildPhase section */

/* Begin PBXGroup section */
		EE1788E31C38E65500E42F74 = {
			isa = PBXGroup;
			children = (
				EE1788EE1C38E65500E42F74 /* Hamburguesas */,
				EE1788ED1C38E65500E42F74 /* Products */,
			);
			sourceTree = "<group>";
		};
		EE1788ED1C38E65500E42F74 /* Products */ = {
			isa = PBXGroup;
			children = (
				EE1788EC1C38E65500E42F74 /* Hamburguesas.app */,
			);
			name = Products;
			sourceTree = "<group>";
		};
		EE1788EE1C38E65500E42F74 /* Hamburguesas */ = {
			isa = PBXGroup;
			children = (
				EE1788EF1C38E65500E42F74 /* AppDelegate.swift */,
				EE1788F11C38E65500E42F74 /* ViewController.swift */,
				EE1788F31C38E65500E42F74 /* Main.storyboard */,
				EE1789021C38E67000E42F74 /* dstos.swift */,
				EE1789011C38E66400E42F74 /* MyPlayground.playground */,
				EE1788F61C38E65500E42F74 /* Assets.xcassets */,
				EE1788F81C38E65500E42F74 /* LaunchScreen.storyboard */,
				EE1788FB1C38E65500E42F74 /* Info.plist */,
			);
			path = Hamburguesas;
			sourceTree = "<group>";
		};
/* End PBXGroup section */

/* Begin PBXNativeTarget section */
		EE1788EB1C38E65500E42F74 /* Hamburguesas */ = {
			isa = PBXNativeTarget;
			buildConfigurationList = EE1788FE1C38E65500E42F74 /* Build configuration list for PBXNativeTarget "Hamburguesas" */;
			buildPhases = (
				EE1788E81C38E65500E42F74 /* Sources */,
				EE1788E91C38E65500E42F74 /* Frameworks */,
				EE1788EA1C38E65500E42F74 /* Resources */,
			);
			buildRules = (
			);
			dependencies = (
			);
			name = Hamburguesas;
			productName = Hamburguesas;
			productReference = EE1788EC1C38E65500E42F74 /* Hamburguesas.app */;
			productType = "com.apple.product-type.application";
		};
/* End PBXNativeTarget section */

/* Begin PBXProject section */
		EE1788E41C38E65500E42F74 /* Project object */ = {
			isa = PBXProject;
			attributes = {
				LastSwiftUpdateCheck = 0710;
				LastUpgradeCheck = 0710;
				ORGANIZATIONNAME = "Luis Rodriguez";
				TargetAttributes = {
					EE1788EB1C38E65500E42F74 = {
						CreatedOnToolsVersion = 7.1.1;
						DevelopmentTeam = GBEM7P83UA;
					};
				};
			};
			buildConfigurationList = EE1788E71C38E65500E42F74 /* Build configuration list for PBXProject "Hamburguesas" */;
			compatibilityVersion = "Xcode 3.2";
			developmentRegion = English;
			hasScannedForEncodings = 0;
			knownRegions = (
				en,
				Base,
			);
			mainGroup = EE1788E31C38E65500E42F74;
			productRefGroup = EE1788ED1C38E65500E42F74 /* Products */;
			projectDirPath = "";
			projectRoot = "";
			targets = (
				EE1788EB1C38E65500E42F74 /* Hamburguesas */,
			);
		};
/* End PBXProject section */

/* Begin PBXResourcesBuildPhase section */
		EE1788EA1C38E65500E42F74 /* Resources */ = {
			isa = PBXResourcesBuildPhase;
			buildActionMask = 2147483647;
			files = (
				EE1788FA1C38E65500E42F74 /* LaunchScreen.storyboard in Resources */,
				EE1788F71C38E65500E42F74 /* Assets.xcassets in Resources */,
				EE1788F51C38E65500E42F74 /* Main.storyboard in Resources */,
			);
			runOnlyForDeploymentPostprocessing = 0;
		};
/* End PBXResourcesBuildPhase section */

/* Begin PBXSourcesBuildPhase section */
		EE1788E81C38E65500E42F74 /* Sources */ = {
			isa = PBXSourcesBuildPhase;
			buildActionMask = 2147483647;
			files = (
				EE1788F21C38E65500E42F74 /* ViewController.swift in Sources */,
				EE1789031C38E67000E42F74 /* dstos.swift in Sources */,
				EE1788F01C38E65500E42F74 /* AppDelegate.swift in Sources */,
			);
			runOnlyForDeploymentPostprocessing = 0;
		};
/* End PBXSourcesBuildPhase section */

/* Begin PBXVariantGroup section */
		EE1788F31C38E65500E42F74 /* Main.storyboard */ = {
			isa = PBXVariantGroup;
			children = (
				EE1788F41C38E65500E42F74 /* Base */,
			);
			name = Main.storyboard;
			sourceTree = "<group>";
		};
		EE1788F81C38E65500E42F74 /* LaunchScreen.storyboard */ = {
			isa = PBXVariantGroup;
			children = (
				EE1788F91C38E65500E42F74 /* Base */,
			);
			name = LaunchScreen.storyboard;
			sourceTree = "<group>";
		};
/* End PBXVariantGroup section */

/* Begin XCBuildConfiguration section */
		EE1788FC1C38E65500E42F74 /* Debug */ = {
			isa = XCBuildConfiguration;
			buildSettings = {
				ALWAYS_SEARCH_USER_PATHS = NO;
				CLANG_CXX_LANGUAGE_STANDARD = "gnu++0x";
				CLANG_CXX_LIBRARY = "libc++";
				CLANG_ENABLE_MODULES = YES;
				CLANG_ENABLE_OBJC_ARC = YES;
				CLANG_WARN_BOOL_CONVERSION = YES;
				CLANG_WARN_CONSTANT_CONVERSION = YES;
				CLANG_WARN_DIRECT_OBJC_ISA_USAGE = YES_ERROR;
				CLANG_WARN_EMPTY_BODY = YES;
				CLANG_WARN_ENUM_CONVERSION = YES;
				CLANG_WARN_INT_CONVERSION = YES;
				CLANG_WARN_OBJC_ROOT_CLASS = YES_ERROR;
				CLANG_WARN_UNREACHABLE_CODE = YES;
				CLANG_WARN__DUPLICATE_METHOD_MATCH = YES;
				"CODE_SIGN_IDENTITY[sdk=iphoneos*]" = "iPhone Developer";
				COPY_PHASE_STRIP = NO;
				DEBUG_INFORMATION_FORMAT = dwarf;
				ENABLE_STRICT_OBJC_MSGSEND = YES;
				ENABLE_TESTABILITY = YES;
				GCC_C_LANGUAGE_STANDARD = gnu99;
				GCC_DYNAMIC_NO_PIC = NO;
				GCC_NO_COMMON_BLOCKS = YES;
				GCC_OPTIMIZATION_LEVEL = 0;
				GCC_PREPROCESSOR_DEFINITIONS = (
					"DEBUG=1",
					"$(inherited)",
				);
				GCC_WARN_64_TO_32_BIT_CONVERSION = YES;
				GCC_WARN_ABOUT_RETURN_TYPE = YES_ERROR;
				GCC_WARN_UNDECLARED_SELECTOR = YES;
				GCC_WARN_UNINITIALIZED_AUTOS = YES_AGGRESSIVE;
				GCC_WARN_UNUSED_FUNCTION = YES;
				GCC_WARN_UNUSED_VARIABLE = YES;
				IPHONEOS_DEPLOYMENT_TARGET = 9.1;
				MTL_ENABLE_DEBUG_INFO = YES;
				ONLY_ACTIVE_ARCH = YES;
				SDKROOT = iphoneos;
				SWIFT_OPTIMIZATION_LEVEL = "-Onone";
			};
			name = Debug;
		};
		EE1788FD1C38E65500E42F74 /* Release */ = {
			isa = XCBuildConfiguration;
			buildSettings = {
				ALWAYS_SEARCH_USER_PATHS = NO;
				CLANG_CXX_LANGUAGE_STANDARD = "gnu++0x";
				CLANG_CXX_LIBRARY = "libc++";
				CLANG_ENABLE_MODULES = YES;
				CLANG_ENABLE_OBJC_ARC = YES;
				CLANG_WARN_BOOL_CONVERSION = YES;
				CLANG_WARN_CONSTANT_CONVERSION = YES;
				CLANG_WARN_DIRECT_OBJC_ISA_USAGE = YES_ERROR;
				CLANG_WARN_EMPTY_BODY = YES;
				CLANG_WARN_ENUM_CONVERSION = YES;
				CLANG_WARN_INT_CONVERSION = YES;
				CLANG_WARN_OBJC_ROOT_CLASS = YES_ERROR;
				CLANG_WARN_UNREACHABLE_CODE = YES;
				CLANG_WARN__DUPLICATE_METHOD_MATCH = YES;
				"CODE_SIGN_IDENTITY[sdk=iphoneos*]" = "iPhone Developer";
				COPY_PHASE_STRIP = NO;
				DEBUG_INFORMATION_FORMAT = "dwarf-with-dsym";
				ENABLE_NS_ASSERTIONS = NO;
				ENABLE_STRICT_OBJC_MSGSEND = YES;
				GCC_C_LANGUAGE_STANDARD = gnu99;
				GCC_NO_COMMON_BLOCKS = YES;
				GCC_WARN_64_TO_32_BIT_CONVERSION = YES;
				GCC_WARN_ABOUT_RETURN_TYPE = YES_ERROR;
				GCC_WARN_UNDECLARED_SELECTOR = YES;
				GCC_WARN_UNINITIALIZED_AUTOS = YES_AGGRESSIVE;
				GCC_WARN_UNUSED_FUNCTION = YES;
				GCC_WARN_UNUSED_VARIABLE = YES;
				IPHONEOS_DEPLOYMENT_TARGET = 9.1;
				MTL_ENABLE_DEBUG_INFO = NO;
				SDKROOT = iphoneos;
				VALIDATE_PRODUCT = YES;
			};
			name = Release;
		};
		EE1788FF1C38E65500E42F74 /* Debug */ = {
			isa = XCBuildConfiguration;
			buildSettings = {
				ASSETCATALOG_COMPILER_APPICON_NAME = AppIcon;
				INFOPLIST_FILE = Hamburguesas/Info.plist;
				LD_RUNPATH_SEARCH_PATHS = "$(inherited) @executable_path/Frameworks";
				PRODUCT_BUNDLE_IDENTIFIER = mx.univeronline.Hamburguesas;
				PRODUCT_NAME = "$(TARGET_NAME)";
				TARGETED_DEVICE_FAMILY = 1;
			};
			name = Debug;
		};
		EE1789001C38E65500E42F74 /* Release */ = {
			isa = XCBuildConfiguration;
			buildSettings = {
				ASSETCATALOG_COMPILER_APPICON_NAME = AppIcon;
				INFOPLIST_FILE = Hamburguesas/Info.plist;
				LD_RUNPATH_SEARCH_PATHS = "$(inherited) @executable_path/Frameworks";
				PRODUCT_BUNDLE_IDENTIFIER = mx.univeronline.Hamburguesas;
				PRODUCT_NAME = "$(TARGET_NAME)";
				TARGETED_DEVICE_FAMILY = 1;
			};
			name = Release;
		};
/* End XCBuildConfiguration section */

/* Begin XCConfigurationList section */
		EE1788E71C38E65500E42F74 /* Build configuration list for PBXProject "Hamburguesas" */ = {
			isa = XCConfigurationList;
			buildConfigurations = (
				EE1788FC1C38E65500E42F74 /* Debug */,
				EE1788FD1C38E65500E42F74 /* Release */,
			);
			defaultConfigurationIsVisible = 0;
			defaultConfigurationName = Release;
		};
		EE1788FE1C38E65500E42F74 /* Build configuration list for PBXNativeTarget "Hamburguesas" */ = {
			isa = XCConfigurationList;
			buildConfigurations = (
				EE1788FF1C38E65500E42F74 /* Debug */,
				EE1789001C38E65500E42F74 /* Release */,
			);
			defaultConfigurationIsVisible = 0;
		};
/* End XCConfigurationList section */
	};
	rootObject = EE1788E41C38E65500E42F74 /* Project object */;
}
